{
  "version": "4",
  "specifiers": {
    "npm:@deno/vite-plugin@^1.0.4": "1.0.4_vite@6.2.0",
    "npm:@emotion/react@^11.14.0": "11.14.0_react@19.0.0",
    "npm:@emotion/styled@^11.14.0": "11.14.0_@emotion+react@11.14.0__react@19.0.0_react@19.0.0",
    "npm:@mui/icons-material@^6.4.6": "6.4.6_@mui+material@6.4.6__@types+react@19.0.10__react@19.0.0__react-dom@19.0.0___react@19.0.0_@types+react@19.0.10_react@19.0.0_@emotion+react@11.14.0__react@19.0.0_@emotion+styled@11.14.0__@emotion+react@11.14.0___react@19.0.0__react@19.0.0_react-dom@19.0.0__react@19.0.0",
    "npm:@mui/material@^6.4.6": "6.4.6_@types+react@19.0.10_react@19.0.0_react-dom@19.0.0__react@19.0.0",
    "npm:@types/node@*": "22.12.0",
    "npm:@types/react-dom@^19.0.4": "19.0.4_@types+react@19.0.10",
    "npm:@types/react@^19.0.10": "19.0.10",
    "npm:@vitejs/plugin-react-swc@^3.8.0": "3.8.0_vite@6.2.0",
    "npm:react-dom@19": "19.0.0_react@19.0.0",
    "npm:react@19": "19.0.0",
    "npm:vite@*": "6.2.0",
    "npm:vite@^6.1.1": "6.2.0"
  },
  "npm": {
    "@babel/code-frame@7.26.2": {
      "integrity": "sha512-RJlIHRueQgwWitWgF8OdFYGZX328Ax5BCemNGlqHfplnRT9ESi8JkFlvaVYbS+UubVY6dpv87Fs2u5M29iNFVQ==",
      "dependencies": [
        "@babel/helper-validator-identifier",
        "js-tokens",
        "picocolors"
      ]
    },
    "@babel/generator@7.26.9": {
      "integrity": "sha512-kEWdzjOAUMW4hAyrzJ0ZaTOu9OmpyDIQicIh0zg0EEcEkYXZb2TjtBhnHi2ViX7PKwZqF4xwqfAm299/QMP3lg==",
      "dependencies": [
        "@babel/parser",
        "@babel/types",
        "@jridgewell/gen-mapping",
        "@jridgewell/trace-mapping",
        "jsesc"
      ]
    },
    "@babel/helper-module-imports@7.25.9": {
      "integrity": "sha512-tnUA4RsrmflIM6W6RFTLFSXITtl0wKjgpnLgXyowocVPrbYrLUXSBXDgTs8BlbmIzIdlBySRQjINYs2BAkiLtw==",
      "dependencies": [
        "@babel/traverse",
        "@babel/types"
      ]
    },
    "@babel/helper-string-parser@7.25.9": {
      "integrity": "sha512-4A/SCr/2KLd5jrtOMFzaKjVtAei3+2r/NChoBNoZ3EyP/+GlhoaEGoWOZUmFmoITP7zOJyHIMm+DYRd8o3PvHA=="
    },
    "@babel/helper-validator-identifier@7.25.9": {
      "integrity": "sha512-Ed61U6XJc3CVRfkERJWDz4dJwKe7iLmmJsbOGu9wSloNSFttHV0I8g6UAgb7qnK5ly5bGLPd4oXZlxCdANBOWQ=="
    },
    "@babel/parser@7.26.9": {
      "integrity": "sha512-81NWa1njQblgZbQHxWHpxxCzNsa3ZwvFqpUg7P+NNUU6f3UU2jBEg4OlF/J6rl8+PQGh1q6/zWScd001YwcA5A==",
      "dependencies": [
        "@babel/types"
      ]
    },
    "@babel/runtime@7.26.9": {
      "integrity": "sha512-aA63XwOkcl4xxQa3HjPMqOP6LiK0ZDv3mUPYEFXkpHbaFjtGggE1A61FjFzJnB+p7/oy2gA8E+rcBNl/zC1tMg==",
      "dependencies": [
        "regenerator-runtime"
      ]
    },
    "@babel/template@7.26.9": {
      "integrity": "sha512-qyRplbeIpNZhmzOysF/wFMuP9sctmh2cFzRAZOn1YapxBsE1i9bJIY586R/WBLfLcmcBlM8ROBiQURnnNy+zfA==",
      "dependencies": [
        "@babel/code-frame",
        "@babel/parser",
        "@babel/types"
      ]
    },
    "@babel/traverse@7.26.9": {
      "integrity": "sha512-ZYW7L+pL8ahU5fXmNbPF+iZFHCv5scFak7MZ9bwaRPLUhHh7QQEMjZUg0HevihoqCM5iSYHN61EyCoZvqC+bxg==",
      "dependencies": [
        "@babel/code-frame",
        "@babel/generator",
        "@babel/parser",
        "@babel/template",
        "@babel/types",
        "debug",
        "globals"
      ]
    },
    "@babel/types@7.26.9": {
      "integrity": "sha512-Y3IR1cRnOxOCDvMmNiym7XpXQ93iGDDPHx+Zj+NM+rg0fBaShfQLkg+hKPaZCEvg5N/LeCo4+Rj/i3FuJsIQaw==",
      "dependencies": [
        "@babel/helper-string-parser",
        "@babel/helper-validator-identifier"
      ]
    },
    "@deno/vite-plugin@1.0.4_vite@6.2.0": {
      "integrity": "sha512-xg8YT8Wn2sGXSnJgiGTpBGX1Dov0c6fd1rAp8VsfrCUtyBRRWzwVMAnd3fQ4yq8h7LSVvJUxEFN4U421k/DQLA==",
      "dependencies": [
        "vite"
      ]
    },
    "@emotion/babel-plugin@11.13.5": {
      "integrity": "sha512-pxHCpT2ex+0q+HH91/zsdHkw/lXd468DIN2zvfvLtPKLLMo6gQj7oLObq8PhkrxOZb/gGCq03S3Z7PDhS8pduQ==",
      "dependencies": [
        "@babel/helper-module-imports",
        "@babel/runtime",
        "@emotion/hash",
        "@emotion/memoize",
        "@emotion/serialize",
        "babel-plugin-macros",
        "convert-source-map",
        "escape-string-regexp",
        "find-root",
        "source-map",
        "stylis"
      ]
    },
    "@emotion/cache@11.14.0": {
      "integrity": "sha512-L/B1lc/TViYk4DcpGxtAVbx0ZyiKM5ktoIyafGkH6zg/tj+mA+NE//aPYKG0k8kCHSHVJrpLpcAlOBEXQ3SavA==",
      "dependencies": [
        "@emotion/memoize",
        "@emotion/sheet",
        "@emotion/utils",
        "@emotion/weak-memoize",
        "stylis"
      ]
    },
    "@emotion/hash@0.9.2": {
      "integrity": "sha512-MyqliTZGuOm3+5ZRSaaBGP3USLw6+EGykkwZns2EPC5g8jJ4z9OrdZY9apkl3+UP9+sdz76YYkwCKP5gh8iY3g=="
    },
    "@emotion/is-prop-valid@1.3.1": {
      "integrity": "sha512-/ACwoqx7XQi9knQs/G0qKvv5teDMhD7bXYns9N/wM8ah8iNb8jZ2uNO0YOgiq2o2poIvVtJS2YALasQuMSQ7Kw==",
      "dependencies": [
        "@emotion/memoize"
      ]
    },
    "@emotion/memoize@0.9.0": {
      "integrity": "sha512-30FAj7/EoJ5mwVPOWhAyCX+FPfMDrVecJAM+Iw9NRoSl4BBAQeqj4cApHHUXOVvIPgLVDsCFoz/hGD+5QQD1GQ=="
    },
    "@emotion/react@11.14.0_react@19.0.0": {
      "integrity": "sha512-O000MLDBDdk/EohJPFUqvnp4qnHeYkVP5B0xEG0D/L7cOKP9kefu2DXn8dj74cQfsEzUqh+sr1RzFqiL1o+PpA==",
      "dependencies": [
        "@babel/runtime",
        "@emotion/babel-plugin",
        "@emotion/cache",
        "@emotion/serialize",
        "@emotion/use-insertion-effect-with-fallbacks",
        "@emotion/utils",
        "@emotion/weak-memoize",
        "hoist-non-react-statics",
        "react"
      ]
    },
    "@emotion/serialize@1.3.3": {
      "integrity": "sha512-EISGqt7sSNWHGI76hC7x1CksiXPahbxEOrC5RjmFRJTqLyEK9/9hZvBbiYn70dw4wuwMKiEMCUlR6ZXTSWQqxA==",
      "dependencies": [
        "@emotion/hash",
        "@emotion/memoize",
        "@emotion/unitless",
        "@emotion/utils",
        "csstype"
      ]
    },
    "@emotion/sheet@1.4.0": {
      "integrity": "sha512-fTBW9/8r2w3dXWYM4HCB1Rdp8NLibOw2+XELH5m5+AkWiL/KqYX6dc0kKYlaYyKjrQ6ds33MCdMPEwgs2z1rqg=="
    },
    "@emotion/styled@11.14.0_@emotion+react@11.14.0__react@19.0.0_react@19.0.0": {
      "integrity": "sha512-XxfOnXFffatap2IyCeJyNov3kiDQWoR08gPUQxvbL7fxKryGBKUZUkG6Hz48DZwVrJSVh9sJboyV1Ds4OW6SgA==",
      "dependencies": [
        "@babel/runtime",
        "@emotion/babel-plugin",
        "@emotion/is-prop-valid",
        "@emotion/react",
        "@emotion/serialize",
        "@emotion/use-insertion-effect-with-fallbacks",
        "@emotion/utils",
        "react"
      ]
    },
    "@emotion/unitless@0.10.0": {
      "integrity": "sha512-dFoMUuQA20zvtVTuxZww6OHoJYgrzfKM1t52mVySDJnMSEa08ruEvdYQbhvyu6soU+NeLVd3yKfTfT0NeV6qGg=="
    },
    "@emotion/use-insertion-effect-with-fallbacks@1.2.0_react@19.0.0": {
      "integrity": "sha512-yJMtVdH59sxi/aVJBpk9FQq+OR8ll5GT8oWd57UpeaKEVGab41JWaCFA7FRLoMLloOZF/c/wsPoe+bfGmRKgDg==",
      "dependencies": [
        "react"
      ]
    },
    "@emotion/utils@1.4.2": {
      "integrity": "sha512-3vLclRofFziIa3J2wDh9jjbkUz9qk5Vi3IZ/FSTKViB0k+ef0fPV7dYrUIugbgupYDx7v9ud/SjrtEP8Y4xLoA=="
    },
    "@emotion/weak-memoize@0.4.0": {
      "integrity": "sha512-snKqtPW01tN0ui7yu9rGv69aJXr/a/Ywvl11sUjNtEcRc+ng/mQriFL0wLXMef74iHa/EkftbDzU9F8iFbH+zg=="
    },
    "@esbuild/aix-ppc64@0.25.0": {
      "integrity": "sha512-O7vun9Sf8DFjH2UtqK8Ku3LkquL9SZL8OLY1T5NZkA34+wG3OQF7cl4Ql8vdNzM6fzBbYfLaiRLIOZ+2FOCgBQ=="
    },
    "@esbuild/android-arm64@0.25.0": {
      "integrity": "sha512-grvv8WncGjDSyUBjN9yHXNt+cq0snxXbDxy5pJtzMKGmmpPxeAmAhWxXI+01lU5rwZomDgD3kJwulEnhTRUd6g=="
    },
    "@esbuild/android-arm@0.25.0": {
      "integrity": "sha512-PTyWCYYiU0+1eJKmw21lWtC+d08JDZPQ5g+kFyxP0V+es6VPPSUhM6zk8iImp2jbV6GwjX4pap0JFbUQN65X1g=="
    },
    "@esbuild/android-x64@0.25.0": {
      "integrity": "sha512-m/ix7SfKG5buCnxasr52+LI78SQ+wgdENi9CqyCXwjVR2X4Jkz+BpC3le3AoBPYTC9NHklwngVXvbJ9/Akhrfg=="
    },
    "@esbuild/darwin-arm64@0.25.0": {
      "integrity": "sha512-mVwdUb5SRkPayVadIOI78K7aAnPamoeFR2bT5nszFUZ9P8UpK4ratOdYbZZXYSqPKMHfS1wdHCJk1P1EZpRdvw=="
    },
    "@esbuild/darwin-x64@0.25.0": {
      "integrity": "sha512-DgDaYsPWFTS4S3nWpFcMn/33ZZwAAeAFKNHNa1QN0rI4pUjgqf0f7ONmXf6d22tqTY+H9FNdgeaAa+YIFUn2Rg=="
    },
    "@esbuild/freebsd-arm64@0.25.0": {
      "integrity": "sha512-VN4ocxy6dxefN1MepBx/iD1dH5K8qNtNe227I0mnTRjry8tj5MRk4zprLEdG8WPyAPb93/e4pSgi1SoHdgOa4w=="
    },
    "@esbuild/freebsd-x64@0.25.0": {
      "integrity": "sha512-mrSgt7lCh07FY+hDD1TxiTyIHyttn6vnjesnPoVDNmDfOmggTLXRv8Id5fNZey1gl/V2dyVK1VXXqVsQIiAk+A=="
    },
    "@esbuild/linux-arm64@0.25.0": {
      "integrity": "sha512-9QAQjTWNDM/Vk2bgBl17yWuZxZNQIF0OUUuPZRKoDtqF2k4EtYbpyiG5/Dk7nqeK6kIJWPYldkOcBqjXjrUlmg=="
    },
    "@esbuild/linux-arm@0.25.0": {
      "integrity": "sha512-vkB3IYj2IDo3g9xX7HqhPYxVkNQe8qTK55fraQyTzTX/fxaDtXiEnavv9geOsonh2Fd2RMB+i5cbhu2zMNWJwg=="
    },
    "@esbuild/linux-ia32@0.25.0": {
      "integrity": "sha512-43ET5bHbphBegyeqLb7I1eYn2P/JYGNmzzdidq/w0T8E2SsYL1U6un2NFROFRg1JZLTzdCoRomg8Rvf9M6W6Gg=="
    },
    "@esbuild/linux-loong64@0.25.0": {
      "integrity": "sha512-fC95c/xyNFueMhClxJmeRIj2yrSMdDfmqJnyOY4ZqsALkDrrKJfIg5NTMSzVBr5YW1jf+l7/cndBfP3MSDpoHw=="
    },
    "@esbuild/linux-mips64el@0.25.0": {
      "integrity": "sha512-nkAMFju7KDW73T1DdH7glcyIptm95a7Le8irTQNO/qtkoyypZAnjchQgooFUDQhNAy4iu08N79W4T4pMBwhPwQ=="
    },
    "@esbuild/linux-ppc64@0.25.0": {
      "integrity": "sha512-NhyOejdhRGS8Iwv+KKR2zTq2PpysF9XqY+Zk77vQHqNbo/PwZCzB5/h7VGuREZm1fixhs4Q/qWRSi5zmAiO4Fw=="
    },
    "@esbuild/linux-riscv64@0.25.0": {
      "integrity": "sha512-5S/rbP5OY+GHLC5qXp1y/Mx//e92L1YDqkiBbO9TQOvuFXM+iDqUNG5XopAnXoRH3FjIUDkeGcY1cgNvnXp/kA=="
    },
    "@esbuild/linux-s390x@0.25.0": {
      "integrity": "sha512-XM2BFsEBz0Fw37V0zU4CXfcfuACMrppsMFKdYY2WuTS3yi8O1nFOhil/xhKTmE1nPmVyvQJjJivgDT+xh8pXJA=="
    },
    "@esbuild/linux-x64@0.25.0": {
      "integrity": "sha512-9yl91rHw/cpwMCNytUDxwj2XjFpxML0y9HAOH9pNVQDpQrBxHy01Dx+vaMu0N1CKa/RzBD2hB4u//nfc+Sd3Cw=="
    },
    "@esbuild/netbsd-arm64@0.25.0": {
      "integrity": "sha512-RuG4PSMPFfrkH6UwCAqBzauBWTygTvb1nxWasEJooGSJ/NwRw7b2HOwyRTQIU97Hq37l3npXoZGYMy3b3xYvPw=="
    },
    "@esbuild/netbsd-x64@0.25.0": {
      "integrity": "sha512-jl+qisSB5jk01N5f7sPCsBENCOlPiS/xptD5yxOx2oqQfyourJwIKLRA2yqWdifj3owQZCL2sn6o08dBzZGQzA=="
    },
    "@esbuild/openbsd-arm64@0.25.0": {
      "integrity": "sha512-21sUNbq2r84YE+SJDfaQRvdgznTD8Xc0oc3p3iW/a1EVWeNj/SdUCbm5U0itZPQYRuRTW20fPMWMpcrciH2EJw=="
    },
    "@esbuild/openbsd-x64@0.25.0": {
      "integrity": "sha512-2gwwriSMPcCFRlPlKx3zLQhfN/2WjJ2NSlg5TKLQOJdV0mSxIcYNTMhk3H3ulL/cak+Xj0lY1Ym9ysDV1igceg=="
    },
    "@esbuild/sunos-x64@0.25.0": {
      "integrity": "sha512-bxI7ThgLzPrPz484/S9jLlvUAHYMzy6I0XiU1ZMeAEOBcS0VePBFxh1JjTQt3Xiat5b6Oh4x7UC7IwKQKIJRIg=="
    },
    "@esbuild/win32-arm64@0.25.0": {
      "integrity": "sha512-ZUAc2YK6JW89xTbXvftxdnYy3m4iHIkDtK3CLce8wg8M2L+YZhIvO1DKpxrd0Yr59AeNNkTiic9YLf6FTtXWMw=="
    },
    "@esbuild/win32-ia32@0.25.0": {
      "integrity": "sha512-eSNxISBu8XweVEWG31/JzjkIGbGIJN/TrRoiSVZwZ6pkC6VX4Im/WV2cz559/TXLcYbcrDN8JtKgd9DJVIo8GA=="
    },
    "@esbuild/win32-x64@0.25.0": {
      "integrity": "sha512-ZENoHJBxA20C2zFzh6AI4fT6RraMzjYw4xKWemRTRmRVtN9c5DcH9r/f2ihEkMjOW5eGgrwCslG/+Y/3bL+DHQ=="
    },
    "@jridgewell/gen-mapping@0.3.8": {
      "integrity": "sha512-imAbBGkb+ebQyxKgzv5Hu2nmROxoDOXHh80evxdoXNOrvAnVx7zimzc1Oo5h9RlfV4vPXaE2iM5pOFbvOCClWA==",
      "dependencies": [
        "@jridgewell/set-array",
        "@jridgewell/sourcemap-codec",
        "@jridgewell/trace-mapping"
      ]
    },
    "@jridgewell/resolve-uri@3.1.2": {
      "integrity": "sha512-bRISgCIjP20/tbWSPWMEi54QVPRZExkuD9lJL+UIxUKtwVJA8wW1Trb1jMs1RFXo1CBTNZ/5hpC9QvmKWdopKw=="
    },
    "@jridgewell/set-array@1.2.1": {
      "integrity": "sha512-R8gLRTZeyp03ymzP/6Lil/28tGeGEzhx1q2k703KGWRAI1VdvPIXdG70VJc2pAMw3NA6JKL5hhFu1sJX0Mnn/A=="
    },
    "@jridgewell/sourcemap-codec@1.5.0": {
      "integrity": "sha512-gv3ZRaISU3fjPAgNsriBRqGWQL6quFx04YMPW/zD8XMLsU32mhCCbfbO6KZFLjvYpCZ8zyDEgqsgf+PwPaM7GQ=="
    },
    "@jridgewell/trace-mapping@0.3.25": {
      "integrity": "sha512-vNk6aEwybGtawWmy/PzwnGDOjCkLWSD2wqvjGGAgOAwCGWySYXfYoxt00IJkTF+8Lb57DwOb3Aa0o9CApepiYQ==",
      "dependencies": [
        "@jridgewell/resolve-uri",
        "@jridgewell/sourcemap-codec"
      ]
    },
    "@mui/core-downloads-tracker@6.4.6": {
      "integrity": "sha512-rho5Q4IscbrVmK9rCrLTJmjLjfH6m/NcqKr/mchvck0EIXlyYUB9+Z0oVmkt/+Mben43LMRYBH8q/Uzxj/c4Vw=="
    },
    "@mui/icons-material@6.4.6_@mui+material@6.4.6__@types+react@19.0.10__react@19.0.0__react-dom@19.0.0___react@19.0.0_@types+react@19.0.10_react@19.0.0_@emotion+react@11.14.0__react@19.0.0_@emotion+styled@11.14.0__@emotion+react@11.14.0___react@19.0.0__react@19.0.0_react-dom@19.0.0__react@19.0.0": {
      "integrity": "sha512-rGJBvIQQbQAlyKYljHQ8wAQS/K2/uYwvemcpygnAmCizmCI4zSF9HQPuiG8Ql4YLZ6V/uKjA3WHIYmF/8sV+pQ==",
      "dependencies": [
        "@babel/runtime",
        "@mui/material@6.4.6_@types+react@19.0.10_react@19.0.0_react-dom@19.0.0__react@19.0.0_@emotion+react@11.14.0__react@19.0.0_@emotion+styled@11.14.0__@emotion+react@11.14.0___react@19.0.0__react@19.0.0",
        "@types/react",
        "react"
      ]
    },
    "@mui/material@6.4.6_@types+react@19.0.10_react@19.0.0_react-dom@19.0.0__react@19.0.0": {
      "integrity": "sha512-6UyAju+DBOdMogfYmLiT3Nu7RgliorimNBny1pN/acOjc+THNFVE7hlxLyn3RDONoZJNDi/8vO4AQQr6dLAXqA==",
      "dependencies": [
        "@babel/runtime",
        "@mui/core-downloads-tracker",
        "@mui/system@6.4.6_@types+react@19.0.10_react@19.0.0",
        "@mui/types",
        "@mui/utils",
        "@popperjs/core",
        "@types/react",
        "@types/react-transition-group",
        "clsx",
        "csstype",
        "prop-types",
        "react",
        "react-dom",
        "react-is@19.0.0",
        "react-transition-group"
      ]
    },
    "@mui/material@6.4.6_@types+react@19.0.10_react@19.0.0_react-dom@19.0.0__react@19.0.0_@emotion+react@11.14.0__react@19.0.0_@emotion+styled@11.14.0__@emotion+react@11.14.0___react@19.0.0__react@19.0.0": {
      "integrity": "sha512-6UyAju+DBOdMogfYmLiT3Nu7RgliorimNBny1pN/acOjc+THNFVE7hlxLyn3RDONoZJNDi/8vO4AQQr6dLAXqA==",
      "dependencies": [
        "@babel/runtime",
        "@emotion/react",
        "@emotion/styled",
        "@mui/core-downloads-tracker",
        "@mui/system@6.4.6_@types+react@19.0.10_react@19.0.0_@emotion+react@11.14.0__react@19.0.0_@emotion+styled@11.14.0__@emotion+react@11.14.0___react@19.0.0__react@19.0.0",
        "@mui/types",
        "@mui/utils",
        "@popperjs/core",
        "@types/react",
        "@types/react-transition-group",
        "clsx",
        "csstype",
        "prop-types",
        "react",
        "react-dom",
        "react-is@19.0.0",
        "react-transition-group"
      ]
    },
    "@mui/private-theming@6.4.6_@types+react@19.0.10_react@19.0.0": {
      "integrity": "sha512-T5FxdPzCELuOrhpA2g4Pi6241HAxRwZudzAuL9vBvniuB5YU82HCmrARw32AuCiyTfWzbrYGGpZ4zyeqqp9RvQ==",
      "dependencies": [
        "@babel/runtime",
        "@mui/utils",
        "@types/react",
        "prop-types",
        "react"
      ]
    },
    "@mui/styled-engine@6.4.6_react@19.0.0": {
      "integrity": "sha512-vSWYc9ZLX46be5gP+FCzWVn5rvDr4cXC5JBZwSIkYk9xbC7GeV+0kCvB8Q6XLFQJy+a62bbqtmdwS4Ghi9NBlQ==",
      "dependencies": [
        "@babel/runtime",
        "@emotion/cache",
        "@emotion/serialize",
        "@emotion/sheet",
        "csstype",
        "prop-types",
        "react"
      ]
    },
    "@mui/styled-engine@6.4.6_react@19.0.0_@emotion+react@11.14.0__react@19.0.0_@emotion+styled@11.14.0__@emotion+react@11.14.0___react@19.0.0__react@19.0.0": {
      "integrity": "sha512-vSWYc9ZLX46be5gP+FCzWVn5rvDr4cXC5JBZwSIkYk9xbC7GeV+0kCvB8Q6XLFQJy+a62bbqtmdwS4Ghi9NBlQ==",
      "dependencies": [
        "@babel/runtime",
        "@emotion/cache",
        "@emotion/react",
        "@emotion/serialize",
        "@emotion/sheet",
        "@emotion/styled",
        "csstype",
        "prop-types",
        "react"
      ]
    },
    "@mui/system@6.4.6_@types+react@19.0.10_react@19.0.0": {
      "integrity": "sha512-FQjWwPec7pMTtB/jw5f9eyLynKFZ6/Ej9vhm5kGdtmts1z5b7Vyn3Rz6kasfYm1j2TfrfGnSXRvvtwVWxjpz6g==",
      "dependencies": [
        "@babel/runtime",
        "@mui/private-theming",
        "@mui/styled-engine@6.4.6_react@19.0.0",
        "@mui/types",
        "@mui/utils",
        "@types/react",
        "clsx",
        "csstype",
        "prop-types",
        "react"
      ]
    },
    "@mui/system@6.4.6_@types+react@19.0.10_react@19.0.0_@emotion+react@11.14.0__react@19.0.0_@emotion+styled@11.14.0__@emotion+react@11.14.0___react@19.0.0__react@19.0.0": {
      "integrity": "sha512-FQjWwPec7pMTtB/jw5f9eyLynKFZ6/Ej9vhm5kGdtmts1z5b7Vyn3Rz6kasfYm1j2TfrfGnSXRvvtwVWxjpz6g==",
      "dependencies": [
        "@babel/runtime",
        "@emotion/react",
        "@emotion/styled",
        "@mui/private-theming",
        "@mui/styled-engine@6.4.6_react@19.0.0_@emotion+react@11.14.0__react@19.0.0_@emotion+styled@11.14.0__@emotion+react@11.14.0___react@19.0.0__react@19.0.0",
        "@mui/types",
        "@mui/utils",
        "@types/react",
        "clsx",
        "csstype",
        "prop-types",
        "react"
      ]
    },
    "@mui/types@7.2.21_@types+react@19.0.10": {
      "integrity": "sha512-6HstngiUxNqLU+/DPqlUJDIPbzUBxIVHb1MmXP0eTWDIROiCR2viugXpEif0PPe2mLqqakPzzRClWAnK+8UJww==",
      "dependencies": [
        "@types/react"
      ]
    },
    "@mui/utils@6.4.6_@types+react@19.0.10_react@19.0.0": {
      "integrity": "sha512-43nZeE1pJF2anGafNydUcYFPtHwAqiBiauRtaMvurdrZI3YrUjHkAu43RBsxef7OFtJMXGiHFvq43kb7lig0sA==",
      "dependencies": [
        "@babel/runtime",
        "@mui/types",
        "@types/prop-types",
        "@types/react",
        "clsx",
        "prop-types",
        "react",
        "react-is@19.0.0"
      ]
    },
    "@popperjs/core@2.11.8": {
      "integrity": "sha512-P1st0aksCrn9sGZhp8GMYwBnQsbvAWsZAX44oXNNvLHGqAOcoVxmjZiohstwQ7SqKnbR47akdNi+uleWD8+g6A=="
    },
    "@rollup/rollup-android-arm-eabi@4.34.8": {
      "integrity": "sha512-q217OSE8DTp8AFHuNHXo0Y86e1wtlfVrXiAlwkIvGRQv9zbc6mE3sjIVfwI8sYUyNxwOg0j/Vm1RKM04JcWLJw=="
    },
    "@rollup/rollup-android-arm64@4.34.8": {
      "integrity": "sha512-Gigjz7mNWaOL9wCggvoK3jEIUUbGul656opstjaUSGC3eT0BM7PofdAJaBfPFWWkXNVAXbaQtC99OCg4sJv70Q=="
    },
    "@rollup/rollup-darwin-arm64@4.34.8": {
      "integrity": "sha512-02rVdZ5tgdUNRxIUrFdcMBZQoaPMrxtwSb+/hOfBdqkatYHR3lZ2A2EGyHq2sGOd0Owk80oV3snlDASC24He3Q=="
    },
    "@rollup/rollup-darwin-x64@4.34.8": {
      "integrity": "sha512-qIP/elwR/tq/dYRx3lgwK31jkZvMiD6qUtOycLhTzCvrjbZ3LjQnEM9rNhSGpbLXVJYQ3rq39A6Re0h9tU2ynw=="
    },
    "@rollup/rollup-freebsd-arm64@4.34.8": {
      "integrity": "sha512-IQNVXL9iY6NniYbTaOKdrlVP3XIqazBgJOVkddzJlqnCpRi/yAeSOa8PLcECFSQochzqApIOE1GHNu3pCz+BDA=="
    },
    "@rollup/rollup-freebsd-x64@4.34.8": {
      "integrity": "sha512-TYXcHghgnCqYFiE3FT5QwXtOZqDj5GmaFNTNt3jNC+vh22dc/ukG2cG+pi75QO4kACohZzidsq7yKTKwq/Jq7Q=="
    },
    "@rollup/rollup-linux-arm-gnueabihf@4.34.8": {
      "integrity": "sha512-A4iphFGNkWRd+5m3VIGuqHnG3MVnqKe7Al57u9mwgbyZ2/xF9Jio72MaY7xxh+Y87VAHmGQr73qoKL9HPbXj1g=="
    },
    "@rollup/rollup-linux-arm-musleabihf@4.34.8": {
      "integrity": "sha512-S0lqKLfTm5u+QTxlFiAnb2J/2dgQqRy/XvziPtDd1rKZFXHTyYLoVL58M/XFwDI01AQCDIevGLbQrMAtdyanpA=="
    },
    "@rollup/rollup-linux-arm64-gnu@4.34.8": {
      "integrity": "sha512-jpz9YOuPiSkL4G4pqKrus0pn9aYwpImGkosRKwNi+sJSkz+WU3anZe6hi73StLOQdfXYXC7hUfsQlTnjMd3s1A=="
    },
    "@rollup/rollup-linux-arm64-musl@4.34.8": {
      "integrity": "sha512-KdSfaROOUJXgTVxJNAZ3KwkRc5nggDk+06P6lgi1HLv1hskgvxHUKZ4xtwHkVYJ1Rep4GNo+uEfycCRRxht7+Q=="
    },
    "@rollup/rollup-linux-loongarch64-gnu@4.34.8": {
      "integrity": "sha512-NyF4gcxwkMFRjgXBM6g2lkT58OWztZvw5KkV2K0qqSnUEqCVcqdh2jN4gQrTn/YUpAcNKyFHfoOZEer9nwo6uQ=="
    },
    "@rollup/rollup-linux-powerpc64le-gnu@4.34.8": {
      "integrity": "sha512-LMJc999GkhGvktHU85zNTDImZVUCJ1z/MbAJTnviiWmmjyckP5aQsHtcujMjpNdMZPT2rQEDBlJfubhs3jsMfw=="
    },
    "@rollup/rollup-linux-riscv64-gnu@4.34.8": {
      "integrity": "sha512-xAQCAHPj8nJq1PI3z8CIZzXuXCstquz7cIOL73HHdXiRcKk8Ywwqtx2wrIy23EcTn4aZ2fLJNBB8d0tQENPCmw=="
    },
    "@rollup/rollup-linux-s390x-gnu@4.34.8": {
      "integrity": "sha512-DdePVk1NDEuc3fOe3dPPTb+rjMtuFw89gw6gVWxQFAuEqqSdDKnrwzZHrUYdac7A7dXl9Q2Vflxpme15gUWQFA=="
    },
    "@rollup/rollup-linux-x64-gnu@4.34.8": {
      "integrity": "sha512-8y7ED8gjxITUltTUEJLQdgpbPh1sUQ0kMTmufRF/Ns5tI9TNMNlhWtmPKKHCU0SilX+3MJkZ0zERYYGIVBYHIA=="
    },
    "@rollup/rollup-linux-x64-musl@4.34.8": {
      "integrity": "sha512-SCXcP0ZpGFIe7Ge+McxY5zKxiEI5ra+GT3QRxL0pMMtxPfpyLAKleZODi1zdRHkz5/BhueUrYtYVgubqe9JBNQ=="
    },
    "@rollup/rollup-win32-arm64-msvc@4.34.8": {
      "integrity": "sha512-YHYsgzZgFJzTRbth4h7Or0m5O74Yda+hLin0irAIobkLQFRQd1qWmnoVfwmKm9TXIZVAD0nZ+GEb2ICicLyCnQ=="
    },
    "@rollup/rollup-win32-ia32-msvc@4.34.8": {
      "integrity": "sha512-r3NRQrXkHr4uWy5TOjTpTYojR9XmF0j/RYgKCef+Ag46FWUTltm5ziticv8LdNsDMehjJ543x/+TJAek/xBA2w=="
    },
    "@rollup/rollup-win32-x64-msvc@4.34.8": {
      "integrity": "sha512-U0FaE5O1BCpZSeE6gBl3c5ObhePQSfk9vDRToMmTkbhCOgW4jqvtS5LGyQ76L1fH8sM0keRp4uDTsbjiUyjk0g=="
    },
    "@swc/core-darwin-arm64@1.11.1": {
      "integrity": "sha512-bJbqZ51JghEZ8WaFetofkfkS3MWsS/V3vDvY+0r+SlLeocZwf8q8/GqcafnElHcU+zLV6yTi13fJwUce6ULiUQ=="
    },
    "@swc/core-darwin-x64@1.11.1": {
      "integrity": "sha512-9GGEoN0uxkLg3KocOVzMfe9c9/DxESXclsL/U2xVLa3pTFB5YnXhiCP5YBT/3Q7nSGLD+R2ALqkNlDoueUjvPw=="
    },
    "@swc/core-linux-arm-gnueabihf@1.11.1": {
      "integrity": "sha512-Lt7l/l0nfSTUzsWcVY3dtOPl5RtgCJ+Ya8IG4Aa3l6c7kLc6Sx4JpylpEIY9yhGidDy/uQ8KUg5kqUPtUrXrvQ=="
    },
    "@swc/core-linux-arm64-gnu@1.11.1": {
      "integrity": "sha512-oe826cfuGukctTSpDjk7RJRDEJihQMAzvO5tdWK0wcy+zvMPFyH5Fg6cW0X4ST3M7fcV91/1T/iuiiD2SVamYw=="
    },
    "@swc/core-linux-arm64-musl@1.11.1": {
      "integrity": "sha512-ABb4pnYeQp/JBJS5Qd2apTwOzpzrTebQFUiFjk0WgTKIr9T6SL3tLXMjgvbSXIath+1HnbCKFUwDXNQhgGFFTg=="
    },
    "@swc/core-linux-x64-gnu@1.11.1": {
      "integrity": "sha512-E09TcHv40bV0mOHTKquZw0IOcQ+lzzpQjyOhCa7+GBpbS3eg5/35Gu7DfToN2bomz74LPKW/l7jZRG+ZNOYNHQ=="
    },
    "@swc/core-linux-x64-musl@1.11.1": {
      "integrity": "sha512-cuW4r7GbvQt9uv+rGdYLHUjDvGjHmr1nYE7iFVk6r4i+byZuXBK6M7P1p+/dTzacshOc05I9n/eUV+Hfjp9a3A=="
    },
    "@swc/core-win32-arm64-msvc@1.11.1": {
      "integrity": "sha512-H8Q78GwaKnCL4isHx8JRTRi6vUU6iMLbpegS2jzWWC1On7EePhkLx2eR8nEsaRIQB6rc3WqdIj74OgOpNoPi7g=="
    },
    "@swc/core-win32-ia32-msvc@1.11.1": {
      "integrity": "sha512-Rx7cZ0OvqMb16fgmUSlPWQbH1+X355IDJhVQpUlpL+ezD/kkWmJix+4u2GVE/LHrfbdyZ4sjjIzSsCQxJV05Mw=="
    },
    "@swc/core-win32-x64-msvc@1.11.1": {
      "integrity": "sha512-6bEEC/XU1lwYzUXY7BXj3nhe7iBF9+i9dVo+hbiVxXZMrD0LUd+7urOBM3NtVnDsUaR6Ge/g7aR+OfpgYscKOg=="
    },
    "@swc/core@1.11.1": {
      "integrity": "sha512-67+lBHZ1lAJQKoOhBHl9DE2iugPYAulRVArZjoF+DnIY3G9wLXCXxw5It0IaCnzvJVvUPxGmr0rHViXKBDP5Vg==",
      "dependencies": [
        "@swc/core-darwin-arm64",
        "@swc/core-darwin-x64",
        "@swc/core-linux-arm-gnueabihf",
        "@swc/core-linux-arm64-gnu",
        "@swc/core-linux-arm64-musl",
        "@swc/core-linux-x64-gnu",
        "@swc/core-linux-x64-musl",
        "@swc/core-win32-arm64-msvc",
        "@swc/core-win32-ia32-msvc",
        "@swc/core-win32-x64-msvc",
        "@swc/counter",
        "@swc/types"
      ]
    },
    "@swc/counter@0.1.3": {
      "integrity": "sha512-e2BR4lsJkkRlKZ/qCHPw9ZaSxc0MVUd7gtbtaB7aMvHeJVYe8sOB8DBZkP2DtISHGSku9sCK6T6cnY0CtXrOCQ=="
    },
    "@swc/types@0.1.18": {
      "integrity": "sha512-NZghLaQvF3eFdj2DUjGkpwaunbZYaRcxciHINnwA4n3FrLAI8hKFOBqs2wkcOiLQfWkIdfuG6gBkNFrkPNji5g==",
      "dependencies": [
        "@swc/counter"
      ]
    },
    "@types/estree@1.0.6": {
      "integrity": "sha512-AYnb1nQyY49te+VRAVgmzfcgjYS91mY5P0TKUDCLEM+gNnA+3T6rWITXRLYCpahpqSQbN5cE+gHpnPyXjHWxcw=="
    },
    "@types/node@22.12.0": {
      "integrity": "sha512-Fll2FZ1riMjNmlmJOdAyY5pUbkftXslB5DgEzlIuNaiWhXd00FhWxVC/r4yV/4wBb9JfImTu+jiSvXTkJ7F/gA==",
      "dependencies": [
        "undici-types"
      ]
    },
    "@types/parse-json@4.0.2": {
      "integrity": "sha512-dISoDXWWQwUquiKsyZ4Ng+HX2KsPL7LyHKHQwgGFEA3IaKac4Obd+h2a/a6waisAoepJlBcx9paWqjA8/HVjCw=="
    },
    "@types/prop-types@15.7.14": {
      "integrity": "sha512-gNMvNH49DJ7OJYv+KAKn0Xp45p8PLl6zo2YnvDIbTd4J6MER2BmWN49TG7n9LvkyihINxeKW8+3bfS2yDC9dzQ=="
    },
    "@types/react-dom@19.0.4_@types+react@19.0.10": {
      "integrity": "sha512-4fSQ8vWFkg+TGhePfUzVmat3eC14TXYSsiiDSLI0dVLsrm9gZFABjPy/Qu6TKgl1tq1Bu1yDsuQgY3A3DOjCcg==",
      "dependencies": [
        "@types/react"
      ]
    },
    "@types/react-transition-group@4.4.12_@types+react@19.0.10": {
      "integrity": "sha512-8TV6R3h2j7a91c+1DXdJi3Syo69zzIZbz7Lg5tORM5LEJG7X/E6a1V3drRyBRZq7/utz7A+c4OgYLiLcYGHG6w==",
      "dependencies": [
        "@types/react"
      ]
    },
    "@types/react@19.0.10": {
      "integrity": "sha512-JuRQ9KXLEjaUNjTWpzuR231Z2WpIwczOkBEIvbHNCzQefFIT0L8IqE6NV6ULLyC1SI/i234JnDoMkfg+RjQj2g==",
      "dependencies": [
        "csstype"
      ]
    },
    "@vitejs/plugin-react-swc@3.8.0_vite@6.2.0": {
      "integrity": "sha512-T4sHPvS+DIqDP51ifPqa9XIRAz/kIvIi8oXcnOZZgHmMotgmmdxe/DD5tMFlt5nuIRzT0/QuiwmKlH0503Aapw==",
      "dependencies": [
        "@swc/core",
        "vite"
      ]
    },
    "babel-plugin-macros@3.1.0": {
      "integrity": "sha512-Cg7TFGpIr01vOQNODXOOaGz2NpCU5gl8x1qJFbb6hbZxR7XrcE2vtbAsTAbJ7/xwJtUuJEw8K8Zr/AE0LHlesg==",
      "dependencies": [
        "@babel/runtime",
        "cosmiconfig",
        "resolve"
      ]
    },
    "callsites@3.1.0": {
      "integrity": "sha512-P8BjAsXvZS+VIDUI11hHCQEv74YT67YUi5JJFNWIqL235sBmjX4+qx9Muvls5ivyNENctx46xQLQ3aTuE7ssaQ=="
    },
    "clsx@2.1.1": {
      "integrity": "sha512-eYm0QWBtUrBWZWG0d386OGAw16Z995PiOVo2B7bjWSbHedGl5e0ZWaq65kOGgUSNesEIDkB9ISbTg/JK9dhCZA=="
    },
    "convert-source-map@1.9.0": {
      "integrity": "sha512-ASFBup0Mz1uyiIjANan1jzLQami9z1PoYSZCiiYW2FczPbenXc45FZdBZLzOT+r6+iciuEModtmCti+hjaAk0A=="
    },
    "cosmiconfig@7.1.0": {
      "integrity": "sha512-AdmX6xUzdNASswsFtmwSt7Vj8po9IuqXm0UXz7QKPuEUmPB4XyjGfaAr2PSuELMwkRMVH1EpIkX5bTZGRB3eCA==",
      "dependencies": [
        "@types/parse-json",
        "import-fresh",
        "parse-json",
        "path-type",
        "yaml"
      ]
    },
    "csstype@3.1.3": {
      "integrity": "sha512-M1uQkMl8rQK/szD0LNhtqxIPLpimGm8sOBwU7lLnCpSbTyY3yeU1Vc7l4KT5zT4s/yOxHH5O7tIuuLOCnLADRw=="
    },
    "debug@4.4.0": {
      "integrity": "sha512-6WTZ/IxCY/T6BALoZHaE4ctp9xm+Z5kY/pzYaCHRFeyVhojxlrm+46y68HA6hr0TcwEssoxNiDEUJQjfPZ/RYA==",
      "dependencies": [
        "ms"
      ]
    },
    "dom-helpers@5.2.1": {
      "integrity": "sha512-nRCa7CK3VTrM2NmGkIy4cbK7IZlgBE/PYMn55rrXefr5xXDP0LdtfPnblFDoVdcAfslJ7or6iqAUnx0CCGIWQA==",
      "dependencies": [
        "@babel/runtime",
        "csstype"
      ]
    },
    "error-ex@1.3.2": {
      "integrity": "sha512-7dFHNmqeFSEt2ZBsCriorKnn3Z2pj+fd9kmI6QoWw4//DL+icEBfc0U7qJCisqrTsKTjw4fNFy2pW9OqStD84g==",
      "dependencies": [
        "is-arrayish"
      ]
    },
    "esbuild@0.25.0": {
      "integrity": "sha512-BXq5mqc8ltbaN34cDqWuYKyNhX8D/Z0J1xdtdQ8UcIIIyJyz+ZMKUt58tF3SrZ85jcfN/PZYhjR5uDQAYNVbuw==",
      "dependencies": [
        "@esbuild/aix-ppc64",
        "@esbuild/android-arm",
        "@esbuild/android-arm64",
        "@esbuild/android-x64",
        "@esbuild/darwin-arm64",
        "@esbuild/darwin-x64",
        "@esbuild/freebsd-arm64",
        "@esbuild/freebsd-x64",
        "@esbuild/linux-arm",
        "@esbuild/linux-arm64",
        "@esbuild/linux-ia32",
        "@esbuild/linux-loong64",
        "@esbuild/linux-mips64el",
        "@esbuild/linux-ppc64",
        "@esbuild/linux-riscv64",
        "@esbuild/linux-s390x",
        "@esbuild/linux-x64",
        "@esbuild/netbsd-arm64",
        "@esbuild/netbsd-x64",
        "@esbuild/openbsd-arm64",
        "@esbuild/openbsd-x64",
        "@esbuild/sunos-x64",
        "@esbuild/win32-arm64",
        "@esbuild/win32-ia32",
        "@esbuild/win32-x64"
      ]
    },
    "escape-string-regexp@4.0.0": {
      "integrity": "sha512-TtpcNJ3XAzx3Gq8sWRzJaVajRs0uVxA2YAkdb1jm2YkPz4G6egUFAyA3n5vtEIZefPk5Wa4UXbKuS5fKkJWdgA=="
    },
    "find-root@1.1.0": {
      "integrity": "sha512-NKfW6bec6GfKc0SGx1e07QZY9PE99u0Bft/0rzSD5k3sO/vwkVUpDUKVm5Gpp5Ue3YfShPFTX2070tDs5kB9Ng=="
    },
    "fsevents@2.3.3": {
      "integrity": "sha512-5xoDfX+fL7faATnagmWPpbFtwh/R77WmMMqqHGS65C3vvB0YHrgF+B1YmZ3441tMj5n63k0212XNoJwzlhffQw=="
    },
    "function-bind@1.1.2": {
      "integrity": "sha512-7XHNxH7qX9xG5mIwxkhumTox/MIRNcOgDrxWsMt2pAr23WHp6MrRlN7FBSFpCpr+oVO0F744iUgR82nJMfG2SA=="
    },
    "globals@11.12.0": {
      "integrity": "sha512-WOBp/EEGUiIsJSp7wcv/y6MO+lV9UoncWqxuFfm8eBwzWNgyfBd6Gz+IeKQ9jCmyhoH99g15M3T+QaVHFjizVA=="
    },
    "hasown@2.0.2": {
      "integrity": "sha512-0hJU9SCPvmMzIBdZFqNPXWa6dqh7WdH0cII9y+CyS8rG3nL48Bclra9HmKhVVUHyPWNH5Y7xDwAB7bfgSjkUMQ==",
      "dependencies": [
        "function-bind"
      ]
    },
    "hoist-non-react-statics@3.3.2": {
      "integrity": "sha512-/gGivxi8JPKWNm/W0jSmzcMPpfpPLc3dY/6GxhX2hQ9iGj3aDfklV4ET7NjKpSinLpJ5vafa9iiGIEZg10SfBw==",
      "dependencies": [
        "react-is@16.13.1"
      ]
    },
    "import-fresh@3.3.1": {
      "integrity": "sha512-TR3KfrTZTYLPB6jUjfx6MF9WcWrHL9su5TObK4ZkYgBdWKPOFoSoQIdEuTuR82pmtxH2spWG9h6etwfr1pLBqQ==",
      "dependencies": [
        "parent-module",
        "resolve-from"
      ]
    },
    "is-arrayish@0.2.1": {
      "integrity": "sha512-zz06S8t0ozoDXMG+ube26zeCTNXcKIPJZJi8hBrF4idCLms4CG9QtK7qBl1boi5ODzFpjswb5JPmHCbMpjaYzg=="
    },
    "is-core-module@2.16.1": {
      "integrity": "sha512-UfoeMA6fIJ8wTYFEUjelnaGI67v6+N7qXJEvQuIGa99l4xsCruSYOVSQ0uPANn4dAzm8lkYPaKLrrijLq7x23w==",
      "dependencies": [
        "hasown"
      ]
    },
    "js-tokens@4.0.0": {
      "integrity": "sha512-RdJUflcE3cUzKiMqQgsCu06FPu9UdIJO0beYbPhHN4k6apgJtifcoCtT9bcxOpYBtpD2kCM6Sbzg4CausW/PKQ=="
    },
    "jsesc@3.1.0": {
      "integrity": "sha512-/sM3dO2FOzXjKQhJuo0Q173wf2KOo8t4I8vHy6lF9poUp7bKT0/NHE8fPX23PwfhnykfqnC2xRxOnVw5XuGIaA=="
    },
    "json-parse-even-better-errors@2.3.1": {
      "integrity": "sha512-xyFwyhro/JEof6Ghe2iz2NcXoj2sloNsWr/XsERDK/oiPCfaNhl5ONfp+jQdAZRQQ0IJWNzH9zIZF7li91kh2w=="
    },
    "lines-and-columns@1.2.4": {
      "integrity": "sha512-7ylylesZQ/PV29jhEDl3Ufjo6ZX7gCqJr5F7PKrqc93v7fzSymt1BpwEU8nAUXs8qzzvqhbjhK5QZg6Mt/HkBg=="
    },
    "loose-envify@1.4.0": {
      "integrity": "sha512-lyuxPGr/Wfhrlem2CL/UcnUc1zcqKAImBDzukY7Y5F/yQiNdko6+fRLevlw1HgMySw7f611UIY408EtxRSoK3Q==",
      "dependencies": [
        "js-tokens"
      ]
    },
    "ms@2.1.3": {
      "integrity": "sha512-6FlzubTLZG3J2a/NVCAleEhjzq5oxgHyaCU9yYXvcLsvoVaHJq/s5xXI6/XXP6tz7R9xAOtHnSO/tXtF3WRTlA=="
    },
    "nanoid@3.3.8": {
      "integrity": "sha512-WNLf5Sd8oZxOm+TzppcYk8gVOgP+l58xNy58D0nbUnOxOWRWvlcCV4kUF7ltmI6PsrLl/BgKEyS4mqsGChFN0w=="
    },
    "object-assign@4.1.1": {
      "integrity": "sha512-rJgTQnkUnH1sFw8yT6VSU3zD3sWmu6sZhIseY8VX+GRu3P6F7Fu+JNDoXfklElbLJSnc3FUQHVe4cU5hj+BcUg=="
    },
    "parent-module@1.0.1": {
      "integrity": "sha512-GQ2EWRpQV8/o+Aw8YqtfZZPfNRWZYkbidE9k5rpl/hC3vtHHBfGm2Ifi6qWV+coDGkrUKZAxE3Lot5kcsRlh+g==",
      "dependencies": [
        "callsites"
      ]
    },
    "parse-json@5.2.0": {
      "integrity": "sha512-ayCKvm/phCGxOkYRSCM82iDwct8/EonSEgCSxWxD7ve6jHggsFl4fZVQBPRNgQoKiuV/odhFrGzQXZwbifC8Rg==",
      "dependencies": [
        "@babel/code-frame",
        "error-ex",
        "json-parse-even-better-errors",
        "lines-and-columns"
      ]
    },
    "path-parse@1.0.7": {
      "integrity": "sha512-LDJzPVEEEPR+y48z93A0Ed0yXb8pAByGWo/k5YYdYgpY2/2EsOsksJrq7lOHxryrVOn1ejG6oAp8ahvOIQD8sw=="
    },
    "path-type@4.0.0": {
      "integrity": "sha512-gDKb8aZMDeD/tZWs9P6+q0J9Mwkdl6xMV8TjnGP3qJVJ06bdMgkbBlLU8IdfOsIsFz2BW1rNVT3XuNEl8zPAvw=="
    },
    "picocolors@1.1.1": {
      "integrity": "sha512-xceH2snhtb5M9liqDsmEw56le376mTZkEX/jEb/RxNFyegNul7eNslCXP9FDj/Lcu0X8KEyMceP2ntpaHrDEVA=="
    },
    "postcss@8.5.3": {
      "integrity": "sha512-dle9A3yYxlBSrt8Fu+IpjGT8SY8hN0mlaA6GY8t0P5PjIOZemULz/E2Bnm/2dcUOena75OTNkHI76uZBNUUq3A==",
      "dependencies": [
        "nanoid",
        "picocolors",
        "source-map-js"
      ]
    },
    "prop-types@15.8.1": {
      "integrity": "sha512-oj87CgZICdulUohogVAR7AjlC0327U4el4L6eAvOqCeudMDVU0NThNaV+b9Df4dXgSP1gXMTnPdhfe/2qDH5cg==",
      "dependencies": [
        "loose-envify",
        "object-assign",
        "react-is@16.13.1"
      ]
    },
    "react-dom@19.0.0_react@19.0.0": {
      "integrity": "sha512-4GV5sHFG0e/0AD4X+ySy6UJd3jVl1iNsNHdpad0qhABJ11twS3TTBnseqsKurKcsNqCEFeGL3uLpVChpIO3QfQ==",
      "dependencies": [
        "react",
        "scheduler"
      ]
    },
    "react-is@16.13.1": {
      "integrity": "sha512-24e6ynE2H+OKt4kqsOvNd8kBpV65zoxbA4BVsEOB3ARVWQki/DHzaUoC5KuON/BiccDaCCTZBuOcfZs70kR8bQ=="
    },
    "react-is@19.0.0": {
      "integrity": "sha512-H91OHcwjZsbq3ClIDHMzBShc1rotbfACdWENsmEf0IFvZ3FgGPtdHMcsv45bQ1hAbgdfiA8SnxTKfDS+x/8m2g=="
    },
    "react-transition-group@4.4.5_react@19.0.0_react-dom@19.0.0__react@19.0.0": {
      "integrity": "sha512-pZcd1MCJoiKiBR2NRxeCRg13uCXbydPnmB4EOeRrY7480qNWO8IIgQG6zlDkm6uRMsURXPuKq0GWtiM59a5Q6g==",
      "dependencies": [
        "@babel/runtime",
        "dom-helpers",
        "loose-envify",
        "prop-types",
        "react",
        "react-dom"
      ]
    },
    "react@19.0.0": {
      "integrity": "sha512-V8AVnmPIICiWpGfm6GLzCR/W5FXLchHop40W4nXBmdlEceh16rCN8O8LNWm5bh5XUX91fh7KpA+W0TgMKmgTpQ=="
    },
    "regenerator-runtime@0.14.1": {
      "integrity": "sha512-dYnhHh0nJoMfnkZs6GmmhFknAGRrLznOu5nc9ML+EJxGvrx6H7teuevqVqCuPcPK//3eDrrjQhehXVx9cnkGdw=="
    },
    "resolve-from@4.0.0": {
      "integrity": "sha512-pb/MYmXstAkysRFx8piNI1tGFNQIFA3vkE3Gq4EuA1dF6gHp/+vgZqsCGJapvy8N3Q+4o7FwvquPJcnZ7RYy4g=="
    },
    "resolve@1.22.10": {
      "integrity": "sha512-NPRy+/ncIMeDlTAsuqwKIiferiawhefFJtkNSW0qZJEqMEb+qBt/77B/jGeeek+F0uOeN05CDa6HXbbIgtVX4w==",
      "dependencies": [
        "is-core-module",
        "path-parse",
        "supports-preserve-symlinks-flag"
      ]
    },
    "rollup@4.34.8": {
      "integrity": "sha512-489gTVMzAYdiZHFVA/ig/iYFllCcWFHMvUHI1rpFmkoUtRlQxqh6/yiNqnYibjMZ2b/+FUQwldG+aLsEt6bglQ==",
      "dependencies": [
        "@rollup/rollup-android-arm-eabi",
        "@rollup/rollup-android-arm64",
        "@rollup/rollup-darwin-arm64",
        "@rollup/rollup-darwin-x64",
        "@rollup/rollup-freebsd-arm64",
        "@rollup/rollup-freebsd-x64",
        "@rollup/rollup-linux-arm-gnueabihf",
        "@rollup/rollup-linux-arm-musleabihf",
        "@rollup/rollup-linux-arm64-gnu",
        "@rollup/rollup-linux-arm64-musl",
        "@rollup/rollup-linux-loongarch64-gnu",
        "@rollup/rollup-linux-powerpc64le-gnu",
        "@rollup/rollup-linux-riscv64-gnu",
        "@rollup/rollup-linux-s390x-gnu",
        "@rollup/rollup-linux-x64-gnu",
        "@rollup/rollup-linux-x64-musl",
        "@rollup/rollup-win32-arm64-msvc",
        "@rollup/rollup-win32-ia32-msvc",
        "@rollup/rollup-win32-x64-msvc",
        "@types/estree",
        "fsevents"
      ]
    },
    "scheduler@0.25.0": {
      "integrity": "sha512-xFVuu11jh+xcO7JOAGJNOXld8/TcEHK/4CituBUeUb5hqxJLj9YuemAEuvm9gQ/+pgXYfbQuqAkiYu+u7YEsNA=="
    },
    "source-map-js@1.2.1": {
      "integrity": "sha512-UXWMKhLOwVKb728IUtQPXxfYU+usdybtUrK/8uGE8CQMvrhOpwvzDBwj0QhSL7MQc7vIsISBG8VQ8+IDQxpfQA=="
    },
    "source-map@0.5.7": {
      "integrity": "sha512-LbrmJOMUSdEVxIKvdcJzQC+nQhe8FUZQTXQy6+I75skNgn3OoQ0DZA8YnFa7gp8tqtL3KPf1kmo0R5DoApeSGQ=="
    },
    "stylis@4.2.0": {
      "integrity": "sha512-Orov6g6BB1sDfYgzWfTHDOxamtX1bE/zo104Dh9e6fqJ3PooipYyfJ0pUmrZO2wAvO8YbEyeFrkV91XTsGMSrw=="
    },
    "supports-preserve-symlinks-flag@1.0.0": {
      "integrity": "sha512-ot0WnXS9fgdkgIcePe6RHNk1WA8+muPa6cSjeR3V8K27q9BB1rTE3R1p7Hv0z1ZyAc8s6Vvv8DIyWf681MAt0w=="
    },
    "undici-types@6.20.0": {
      "integrity": "sha512-Ny6QZ2Nju20vw1SRHe3d9jVu6gJ+4e3+MMpqu7pqE5HT6WsTSlce++GQmK5UXS8mzV8DSYHrQH+Xrf2jVcuKNg=="
    },
    "vite@6.2.0": {
      "integrity": "sha512-7dPxoo+WsT/64rDcwoOjk76XHj+TqNTIvHKcuMQ1k4/SeHDaQt5GFAeLYzrimZrMpn/O6DtdI03WUjdxuPM0oQ==",
      "dependencies": [
        "esbuild",
        "fsevents",
        "postcss",
        "rollup"
      ]
    },
    "yaml@1.10.2": {
      "integrity": "sha512-r3vXyErRCYJ7wg28yvBY5VSoAF8ZvlcW9/BwUzEtUsjvX/DKs24dIkuwjtuprwJJHsbyUbLApepYTR1BN4uHrg=="
    }
  },
  "workspace": {
    "dependencies": [
      "npm:@deno/vite-plugin@^1.0.4",
      "npm:@emotion/react@^11.14.0",
      "npm:@emotion/styled@^11.14.0",
      "npm:@mui/icons-material@^6.4.6",
      "npm:@mui/material@^6.4.6",
      "npm:@types/react-dom@^19.0.4",
      "npm:@types/react@^19.0.10",
      "npm:@vitejs/plugin-react-swc@^3.8.0",
      "npm:react-dom@19",
      "npm:react@19",
      "npm:vite@^6.1.1"
    ]
  }
}
