{
  "version": "4",
  "specifiers": {
    "npm:@deno/vite-plugin@^1.0.4": "1.0.4_vite@6.2.0",
    "npm:@types/react-dom@^19.0.4": "19.0.4_@types+react@19.0.10",
    "npm:@types/react@^19.0.10": "19.0.10",
    "npm:@vitejs/plugin-react-swc@^3.8.0": "3.8.0_vite@6.2.0",
    "npm:react-dom@19": "19.0.0_react@19.0.0",
    "npm:react@19": "19.0.0",
    "npm:vite@*": "6.2.0",
    "npm:vite@^6.1.1": "6.2.0"
  },
  "npm": {
    "@deno/vite-plugin@1.0.4_vite@6.2.0": {
      "integrity": "sha512-xg8YT8Wn2sGXSnJgiGTpBGX1Dov0c6fd1rAp8VsfrCUtyBRRWzwVMAnd3fQ4yq8h7LSVvJUxEFN4U421k/DQLA==",
      "dependencies": [
        "vite"
      ]
    },
    "@esbuild/aix-ppc64@0.25.0": {
      "integrity": "sha512-O7vun9Sf8DFjH2UtqK8Ku3LkquL9SZL8OLY1T5NZkA34+wG3OQF7cl4Ql8vdNzM6fzBbYfLaiRLIOZ+2FOCgBQ=="
    },
    "@esbuild/android-arm64@0.25.0": {
      "integrity": "sha512-grvv8WncGjDSyUBjN9yHXNt+cq0snxXbDxy5pJtzMKGmmpPxeAmAhWxXI+01lU5rwZomDgD3kJwulEnhTRUd6g=="
    },
    "@esbuild/android-arm@0.25.0": {
      "integrity": "sha512-PTyWCYYiU0+1eJKmw21lWtC+d08JDZPQ5g+kFyxP0V+es6VPPSUhM6zk8iImp2jbV6GwjX4pap0JFbUQN65X1g=="
    },
    "@esbuild/android-x64@0.25.0": {
      "integrity": "sha512-m/ix7SfKG5buCnxasr52+LI78SQ+wgdENi9CqyCXwjVR2X4Jkz+BpC3le3AoBPYTC9NHklwngVXvbJ9/Akhrfg=="
    },
    "@esbuild/darwin-arm64@0.25.0": {
      "integrity": "sha512-mVwdUb5SRkPayVadIOI78K7aAnPamoeFR2bT5nszFUZ9P8UpK4ratOdYbZZXYSqPKMHfS1wdHCJk1P1EZpRdvw=="
    },
    "@esbuild/darwin-x64@0.25.0": {
      "integrity": "sha512-DgDaYsPWFTS4S3nWpFcMn/33ZZwAAeAFKNHNa1QN0rI4pUjgqf0f7ONmXf6d22tqTY+H9FNdgeaAa+YIFUn2Rg=="
    },
    "@esbuild/freebsd-arm64@0.25.0": {
      "integrity": "sha512-VN4ocxy6dxefN1MepBx/iD1dH5K8qNtNe227I0mnTRjry8tj5MRk4zprLEdG8WPyAPb93/e4pSgi1SoHdgOa4w=="
    },
    "@esbuild/freebsd-x64@0.25.0": {
      "integrity": "sha512-mrSgt7lCh07FY+hDD1TxiTyIHyttn6vnjesnPoVDNmDfOmggTLXRv8Id5fNZey1gl/V2dyVK1VXXqVsQIiAk+A=="
    },
    "@esbuild/linux-arm64@0.25.0": {
      "integrity": "sha512-9QAQjTWNDM/Vk2bgBl17yWuZxZNQIF0OUUuPZRKoDtqF2k4EtYbpyiG5/Dk7nqeK6kIJWPYldkOcBqjXjrUlmg=="
    },
    "@esbuild/linux-arm@0.25.0": {
      "integrity": "sha512-vkB3IYj2IDo3g9xX7HqhPYxVkNQe8qTK55fraQyTzTX/fxaDtXiEnavv9geOsonh2Fd2RMB+i5cbhu2zMNWJwg=="
    },
    "@esbuild/linux-ia32@0.25.0": {
      "integrity": "sha512-43ET5bHbphBegyeqLb7I1eYn2P/JYGNmzzdidq/w0T8E2SsYL1U6un2NFROFRg1JZLTzdCoRomg8Rvf9M6W6Gg=="
    },
    "@esbuild/linux-loong64@0.25.0": {
      "integrity": "sha512-fC95c/xyNFueMhClxJmeRIj2yrSMdDfmqJnyOY4ZqsALkDrrKJfIg5NTMSzVBr5YW1jf+l7/cndBfP3MSDpoHw=="
    },
    "@esbuild/linux-mips64el@0.25.0": {
      "integrity": "sha512-nkAMFju7KDW73T1DdH7glcyIptm95a7Le8irTQNO/qtkoyypZAnjchQgooFUDQhNAy4iu08N79W4T4pMBwhPwQ=="
    },
    "@esbuild/linux-ppc64@0.25.0": {
      "integrity": "sha512-NhyOejdhRGS8Iwv+KKR2zTq2PpysF9XqY+Zk77vQHqNbo/PwZCzB5/h7VGuREZm1fixhs4Q/qWRSi5zmAiO4Fw=="
    },
    "@esbuild/linux-riscv64@0.25.0": {
      "integrity": "sha512-5S/rbP5OY+GHLC5qXp1y/Mx//e92L1YDqkiBbO9TQOvuFXM+iDqUNG5XopAnXoRH3FjIUDkeGcY1cgNvnXp/kA=="
    },
    "@esbuild/linux-s390x@0.25.0": {
      "integrity": "sha512-XM2BFsEBz0Fw37V0zU4CXfcfuACMrppsMFKdYY2WuTS3yi8O1nFOhil/xhKTmE1nPmVyvQJjJivgDT+xh8pXJA=="
    },
    "@esbuild/linux-x64@0.25.0": {
      "integrity": "sha512-9yl91rHw/cpwMCNytUDxwj2XjFpxML0y9HAOH9pNVQDpQrBxHy01Dx+vaMu0N1CKa/RzBD2hB4u//nfc+Sd3Cw=="
    },
    "@esbuild/netbsd-arm64@0.25.0": {
      "integrity": "sha512-RuG4PSMPFfrkH6UwCAqBzauBWTygTvb1nxWasEJooGSJ/NwRw7b2HOwyRTQIU97Hq37l3npXoZGYMy3b3xYvPw=="
    },
    "@esbuild/netbsd-x64@0.25.0": {
      "integrity": "sha512-jl+qisSB5jk01N5f7sPCsBENCOlPiS/xptD5yxOx2oqQfyourJwIKLRA2yqWdifj3owQZCL2sn6o08dBzZGQzA=="
    },
    "@esbuild/openbsd-arm64@0.25.0": {
      "integrity": "sha512-21sUNbq2r84YE+SJDfaQRvdgznTD8Xc0oc3p3iW/a1EVWeNj/SdUCbm5U0itZPQYRuRTW20fPMWMpcrciH2EJw=="
    },
    "@esbuild/openbsd-x64@0.25.0": {
      "integrity": "sha512-2gwwriSMPcCFRlPlKx3zLQhfN/2WjJ2NSlg5TKLQOJdV0mSxIcYNTMhk3H3ulL/cak+Xj0lY1Ym9ysDV1igceg=="
    },
    "@esbuild/sunos-x64@0.25.0": {
      "integrity": "sha512-bxI7ThgLzPrPz484/S9jLlvUAHYMzy6I0XiU1ZMeAEOBcS0VePBFxh1JjTQt3Xiat5b6Oh4x7UC7IwKQKIJRIg=="
    },
    "@esbuild/win32-arm64@0.25.0": {
      "integrity": "sha512-ZUAc2YK6JW89xTbXvftxdnYy3m4iHIkDtK3CLce8wg8M2L+YZhIvO1DKpxrd0Yr59AeNNkTiic9YLf6FTtXWMw=="
    },
    "@esbuild/win32-ia32@0.25.0": {
      "integrity": "sha512-eSNxISBu8XweVEWG31/JzjkIGbGIJN/TrRoiSVZwZ6pkC6VX4Im/WV2cz559/TXLcYbcrDN8JtKgd9DJVIo8GA=="
    },
    "@esbuild/win32-x64@0.25.0": {
      "integrity": "sha512-ZENoHJBxA20C2zFzh6AI4fT6RraMzjYw4xKWemRTRmRVtN9c5DcH9r/f2ihEkMjOW5eGgrwCslG/+Y/3bL+DHQ=="
    },
    "@rollup/rollup-android-arm-eabi@4.34.8": {
      "integrity": "sha512-q217OSE8DTp8AFHuNHXo0Y86e1wtlfVrXiAlwkIvGRQv9zbc6mE3sjIVfwI8sYUyNxwOg0j/Vm1RKM04JcWLJw=="
    },
    "@rollup/rollup-android-arm64@4.34.8": {
      "integrity": "sha512-Gigjz7mNWaOL9wCggvoK3jEIUUbGul656opstjaUSGC3eT0BM7PofdAJaBfPFWWkXNVAXbaQtC99OCg4sJv70Q=="
    },
    "@rollup/rollup-darwin-arm64@4.34.8": {
      "integrity": "sha512-02rVdZ5tgdUNRxIUrFdcMBZQoaPMrxtwSb+/hOfBdqkatYHR3lZ2A2EGyHq2sGOd0Owk80oV3snlDASC24He3Q=="
    },
    "@rollup/rollup-darwin-x64@4.34.8": {
      "integrity": "sha512-qIP/elwR/tq/dYRx3lgwK31jkZvMiD6qUtOycLhTzCvrjbZ3LjQnEM9rNhSGpbLXVJYQ3rq39A6Re0h9tU2ynw=="
    },
    "@rollup/rollup-freebsd-arm64@4.34.8": {
      "integrity": "sha512-IQNVXL9iY6NniYbTaOKdrlVP3XIqazBgJOVkddzJlqnCpRi/yAeSOa8PLcECFSQochzqApIOE1GHNu3pCz+BDA=="
    },
    "@rollup/rollup-freebsd-x64@4.34.8": {
      "integrity": "sha512-TYXcHghgnCqYFiE3FT5QwXtOZqDj5GmaFNTNt3jNC+vh22dc/ukG2cG+pi75QO4kACohZzidsq7yKTKwq/Jq7Q=="
    },
    "@rollup/rollup-linux-arm-gnueabihf@4.34.8": {
      "integrity": "sha512-A4iphFGNkWRd+5m3VIGuqHnG3MVnqKe7Al57u9mwgbyZ2/xF9Jio72MaY7xxh+Y87VAHmGQr73qoKL9HPbXj1g=="
    },
    "@rollup/rollup-linux-arm-musleabihf@4.34.8": {
      "integrity": "sha512-S0lqKLfTm5u+QTxlFiAnb2J/2dgQqRy/XvziPtDd1rKZFXHTyYLoVL58M/XFwDI01AQCDIevGLbQrMAtdyanpA=="
    },
    "@rollup/rollup-linux-arm64-gnu@4.34.8": {
      "integrity": "sha512-jpz9YOuPiSkL4G4pqKrus0pn9aYwpImGkosRKwNi+sJSkz+WU3anZe6hi73StLOQdfXYXC7hUfsQlTnjMd3s1A=="
    },
    "@rollup/rollup-linux-arm64-musl@4.34.8": {
      "integrity": "sha512-KdSfaROOUJXgTVxJNAZ3KwkRc5nggDk+06P6lgi1HLv1hskgvxHUKZ4xtwHkVYJ1Rep4GNo+uEfycCRRxht7+Q=="
    },
    "@rollup/rollup-linux-loongarch64-gnu@4.34.8": {
      "integrity": "sha512-NyF4gcxwkMFRjgXBM6g2lkT58OWztZvw5KkV2K0qqSnUEqCVcqdh2jN4gQrTn/YUpAcNKyFHfoOZEer9nwo6uQ=="
    },
    "@rollup/rollup-linux-powerpc64le-gnu@4.34.8": {
      "integrity": "sha512-LMJc999GkhGvktHU85zNTDImZVUCJ1z/MbAJTnviiWmmjyckP5aQsHtcujMjpNdMZPT2rQEDBlJfubhs3jsMfw=="
    },
    "@rollup/rollup-linux-riscv64-gnu@4.34.8": {
      "integrity": "sha512-xAQCAHPj8nJq1PI3z8CIZzXuXCstquz7cIOL73HHdXiRcKk8Ywwqtx2wrIy23EcTn4aZ2fLJNBB8d0tQENPCmw=="
    },
    "@rollup/rollup-linux-s390x-gnu@4.34.8": {
      "integrity": "sha512-DdePVk1NDEuc3fOe3dPPTb+rjMtuFw89gw6gVWxQFAuEqqSdDKnrwzZHrUYdac7A7dXl9Q2Vflxpme15gUWQFA=="
    },
    "@rollup/rollup-linux-x64-gnu@4.34.8": {
      "integrity": "sha512-8y7ED8gjxITUltTUEJLQdgpbPh1sUQ0kMTmufRF/Ns5tI9TNMNlhWtmPKKHCU0SilX+3MJkZ0zERYYGIVBYHIA=="
    },
    "@rollup/rollup-linux-x64-musl@4.34.8": {
      "integrity": "sha512-SCXcP0ZpGFIe7Ge+McxY5zKxiEI5ra+GT3QRxL0pMMtxPfpyLAKleZODi1zdRHkz5/BhueUrYtYVgubqe9JBNQ=="
    },
    "@rollup/rollup-win32-arm64-msvc@4.34.8": {
      "integrity": "sha512-YHYsgzZgFJzTRbth4h7Or0m5O74Yda+hLin0irAIobkLQFRQd1qWmnoVfwmKm9TXIZVAD0nZ+GEb2ICicLyCnQ=="
    },
    "@rollup/rollup-win32-ia32-msvc@4.34.8": {
      "integrity": "sha512-r3NRQrXkHr4uWy5TOjTpTYojR9XmF0j/RYgKCef+Ag46FWUTltm5ziticv8LdNsDMehjJ543x/+TJAek/xBA2w=="
    },
    "@rollup/rollup-win32-x64-msvc@4.34.8": {
      "integrity": "sha512-U0FaE5O1BCpZSeE6gBl3c5ObhePQSfk9vDRToMmTkbhCOgW4jqvtS5LGyQ76L1fH8sM0keRp4uDTsbjiUyjk0g=="
    },
    "@swc/core-darwin-arm64@1.11.1": {
      "integrity": "sha512-bJbqZ51JghEZ8WaFetofkfkS3MWsS/V3vDvY+0r+SlLeocZwf8q8/GqcafnElHcU+zLV6yTi13fJwUce6ULiUQ=="
    },
    "@swc/core-darwin-x64@1.11.1": {
      "integrity": "sha512-9GGEoN0uxkLg3KocOVzMfe9c9/DxESXclsL/U2xVLa3pTFB5YnXhiCP5YBT/3Q7nSGLD+R2ALqkNlDoueUjvPw=="
    },
    "@swc/core-linux-arm-gnueabihf@1.11.1": {
      "integrity": "sha512-Lt7l/l0nfSTUzsWcVY3dtOPl5RtgCJ+Ya8IG4Aa3l6c7kLc6Sx4JpylpEIY9yhGidDy/uQ8KUg5kqUPtUrXrvQ=="
    },
    "@swc/core-linux-arm64-gnu@1.11.1": {
      "integrity": "sha512-oe826cfuGukctTSpDjk7RJRDEJihQMAzvO5tdWK0wcy+zvMPFyH5Fg6cW0X4ST3M7fcV91/1T/iuiiD2SVamYw=="
    },
    "@swc/core-linux-arm64-musl@1.11.1": {
      "integrity": "sha512-ABb4pnYeQp/JBJS5Qd2apTwOzpzrTebQFUiFjk0WgTKIr9T6SL3tLXMjgvbSXIath+1HnbCKFUwDXNQhgGFFTg=="
    },
    "@swc/core-linux-x64-gnu@1.11.1": {
      "integrity": "sha512-E09TcHv40bV0mOHTKquZw0IOcQ+lzzpQjyOhCa7+GBpbS3eg5/35Gu7DfToN2bomz74LPKW/l7jZRG+ZNOYNHQ=="
    },
    "@swc/core-linux-x64-musl@1.11.1": {
      "integrity": "sha512-cuW4r7GbvQt9uv+rGdYLHUjDvGjHmr1nYE7iFVk6r4i+byZuXBK6M7P1p+/dTzacshOc05I9n/eUV+Hfjp9a3A=="
    },
    "@swc/core-win32-arm64-msvc@1.11.1": {
      "integrity": "sha512-H8Q78GwaKnCL4isHx8JRTRi6vUU6iMLbpegS2jzWWC1On7EePhkLx2eR8nEsaRIQB6rc3WqdIj74OgOpNoPi7g=="
    },
    "@swc/core-win32-ia32-msvc@1.11.1": {
      "integrity": "sha512-Rx7cZ0OvqMb16fgmUSlPWQbH1+X355IDJhVQpUlpL+ezD/kkWmJix+4u2GVE/LHrfbdyZ4sjjIzSsCQxJV05Mw=="
    },
    "@swc/core-win32-x64-msvc@1.11.1": {
      "integrity": "sha512-6bEEC/XU1lwYzUXY7BXj3nhe7iBF9+i9dVo+hbiVxXZMrD0LUd+7urOBM3NtVnDsUaR6Ge/g7aR+OfpgYscKOg=="
    },
    "@swc/core@1.11.1": {
      "integrity": "sha512-67+lBHZ1lAJQKoOhBHl9DE2iugPYAulRVArZjoF+DnIY3G9wLXCXxw5It0IaCnzvJVvUPxGmr0rHViXKBDP5Vg==",
      "dependencies": [
        "@swc/core-darwin-arm64",
        "@swc/core-darwin-x64",
        "@swc/core-linux-arm-gnueabihf",
        "@swc/core-linux-arm64-gnu",
        "@swc/core-linux-arm64-musl",
        "@swc/core-linux-x64-gnu",
        "@swc/core-linux-x64-musl",
        "@swc/core-win32-arm64-msvc",
        "@swc/core-win32-ia32-msvc",
        "@swc/core-win32-x64-msvc",
        "@swc/counter",
        "@swc/types"
      ]
    },
    "@swc/counter@0.1.3": {
      "integrity": "sha512-e2BR4lsJkkRlKZ/qCHPw9ZaSxc0MVUd7gtbtaB7aMvHeJVYe8sOB8DBZkP2DtISHGSku9sCK6T6cnY0CtXrOCQ=="
    },
    "@swc/types@0.1.18": {
      "integrity": "sha512-NZghLaQvF3eFdj2DUjGkpwaunbZYaRcxciHINnwA4n3FrLAI8hKFOBqs2wkcOiLQfWkIdfuG6gBkNFrkPNji5g==",
      "dependencies": [
        "@swc/counter"
      ]
    },
    "@types/estree@1.0.6": {
      "integrity": "sha512-AYnb1nQyY49te+VRAVgmzfcgjYS91mY5P0TKUDCLEM+gNnA+3T6rWITXRLYCpahpqSQbN5cE+gHpnPyXjHWxcw=="
    },
    "@types/react-dom@19.0.4_@types+react@19.0.10": {
      "integrity": "sha512-4fSQ8vWFkg+TGhePfUzVmat3eC14TXYSsiiDSLI0dVLsrm9gZFABjPy/Qu6TKgl1tq1Bu1yDsuQgY3A3DOjCcg==",
      "dependencies": [
        "@types/react"
      ]
    },
    "@types/react@19.0.10": {
      "integrity": "sha512-JuRQ9KXLEjaUNjTWpzuR231Z2WpIwczOkBEIvbHNCzQefFIT0L8IqE6NV6ULLyC1SI/i234JnDoMkfg+RjQj2g==",
      "dependencies": [
        "csstype"
      ]
    },
    "@vitejs/plugin-react-swc@3.8.0_vite@6.2.0": {
      "integrity": "sha512-T4sHPvS+DIqDP51ifPqa9XIRAz/kIvIi8oXcnOZZgHmMotgmmdxe/DD5tMFlt5nuIRzT0/QuiwmKlH0503Aapw==",
      "dependencies": [
        "@swc/core",
        "vite"
      ]
    },
    "csstype@3.1.3": {
      "integrity": "sha512-M1uQkMl8rQK/szD0LNhtqxIPLpimGm8sOBwU7lLnCpSbTyY3yeU1Vc7l4KT5zT4s/yOxHH5O7tIuuLOCnLADRw=="
    },
    "esbuild@0.25.0": {
      "integrity": "sha512-BXq5mqc8ltbaN34cDqWuYKyNhX8D/Z0J1xdtdQ8UcIIIyJyz+ZMKUt58tF3SrZ85jcfN/PZYhjR5uDQAYNVbuw==",
      "dependencies": [
        "@esbuild/aix-ppc64",
        "@esbuild/android-arm",
        "@esbuild/android-arm64",
        "@esbuild/android-x64",
        "@esbuild/darwin-arm64",
        "@esbuild/darwin-x64",
        "@esbuild/freebsd-arm64",
        "@esbuild/freebsd-x64",
        "@esbuild/linux-arm",
        "@esbuild/linux-arm64",
        "@esbuild/linux-ia32",
        "@esbuild/linux-loong64",
        "@esbuild/linux-mips64el",
        "@esbuild/linux-ppc64",
        "@esbuild/linux-riscv64",
        "@esbuild/linux-s390x",
        "@esbuild/linux-x64",
        "@esbuild/netbsd-arm64",
        "@esbuild/netbsd-x64",
        "@esbuild/openbsd-arm64",
        "@esbuild/openbsd-x64",
        "@esbuild/sunos-x64",
        "@esbuild/win32-arm64",
        "@esbuild/win32-ia32",
        "@esbuild/win32-x64"
      ]
    },
    "fsevents@2.3.3": {
      "integrity": "sha512-5xoDfX+fL7faATnagmWPpbFtwh/R77WmMMqqHGS65C3vvB0YHrgF+B1YmZ3441tMj5n63k0212XNoJwzlhffQw=="
    },
    "nanoid@3.3.8": {
      "integrity": "sha512-WNLf5Sd8oZxOm+TzppcYk8gVOgP+l58xNy58D0nbUnOxOWRWvlcCV4kUF7ltmI6PsrLl/BgKEyS4mqsGChFN0w=="
    },
    "picocolors@1.1.1": {
      "integrity": "sha512-xceH2snhtb5M9liqDsmEw56le376mTZkEX/jEb/RxNFyegNul7eNslCXP9FDj/Lcu0X8KEyMceP2ntpaHrDEVA=="
    },
    "postcss@8.5.3": {
      "integrity": "sha512-dle9A3yYxlBSrt8Fu+IpjGT8SY8hN0mlaA6GY8t0P5PjIOZemULz/E2Bnm/2dcUOena75OTNkHI76uZBNUUq3A==",
      "dependencies": [
        "nanoid",
        "picocolors",
        "source-map-js"
      ]
    },
    "react-dom@19.0.0_react@19.0.0": {
      "integrity": "sha512-4GV5sHFG0e/0AD4X+ySy6UJd3jVl1iNsNHdpad0qhABJ11twS3TTBnseqsKurKcsNqCEFeGL3uLpVChpIO3QfQ==",
      "dependencies": [
        "react",
        "scheduler"
      ]
    },
    "react@19.0.0": {
      "integrity": "sha512-V8AVnmPIICiWpGfm6GLzCR/W5FXLchHop40W4nXBmdlEceh16rCN8O8LNWm5bh5XUX91fh7KpA+W0TgMKmgTpQ=="
    },
    "rollup@4.34.8": {
      "integrity": "sha512-489gTVMzAYdiZHFVA/ig/iYFllCcWFHMvUHI1rpFmkoUtRlQxqh6/yiNqnYibjMZ2b/+FUQwldG+aLsEt6bglQ==",
      "dependencies": [
        "@rollup/rollup-android-arm-eabi",
        "@rollup/rollup-android-arm64",
        "@rollup/rollup-darwin-arm64",
        "@rollup/rollup-darwin-x64",
        "@rollup/rollup-freebsd-arm64",
        "@rollup/rollup-freebsd-x64",
        "@rollup/rollup-linux-arm-gnueabihf",
        "@rollup/rollup-linux-arm-musleabihf",
        "@rollup/rollup-linux-arm64-gnu",
        "@rollup/rollup-linux-arm64-musl",
        "@rollup/rollup-linux-loongarch64-gnu",
        "@rollup/rollup-linux-powerpc64le-gnu",
        "@rollup/rollup-linux-riscv64-gnu",
        "@rollup/rollup-linux-s390x-gnu",
        "@rollup/rollup-linux-x64-gnu",
        "@rollup/rollup-linux-x64-musl",
        "@rollup/rollup-win32-arm64-msvc",
        "@rollup/rollup-win32-ia32-msvc",
        "@rollup/rollup-win32-x64-msvc",
        "@types/estree",
        "fsevents"
      ]
    },
    "scheduler@0.25.0": {
      "integrity": "sha512-xFVuu11jh+xcO7JOAGJNOXld8/TcEHK/4CituBUeUb5hqxJLj9YuemAEuvm9gQ/+pgXYfbQuqAkiYu+u7YEsNA=="
    },
    "source-map-js@1.2.1": {
      "integrity": "sha512-UXWMKhLOwVKb728IUtQPXxfYU+usdybtUrK/8uGE8CQMvrhOpwvzDBwj0QhSL7MQc7vIsISBG8VQ8+IDQxpfQA=="
    },
    "vite@6.2.0": {
      "integrity": "sha512-7dPxoo+WsT/64rDcwoOjk76XHj+TqNTIvHKcuMQ1k4/SeHDaQt5GFAeLYzrimZrMpn/O6DtdI03WUjdxuPM0oQ==",
      "dependencies": [
        "esbuild",
        "fsevents",
        "postcss",
        "rollup"
      ]
    }
  },
  "workspace": {
    "dependencies": [
      "npm:@deno/vite-plugin@^1.0.4",
      "npm:@types/react-dom@^19.0.4",
      "npm:@types/react@^19.0.10",
      "npm:@vitejs/plugin-react-swc@^3.8.0",
      "npm:react-dom@19",
      "npm:react@19",
      "npm:vite@^6.1.1"
    ]
  }
}
